lockfileVersion: '6.0'

settings:
  autoInstallPeers: true
  excludeLinksFromLockfile: false

dependencies:
  '@bufbuild/protobuf':
    specifier: ^1.6.0
    version: 1.6.0
  '@connectrpc/connect':
    specifier: ^1.2.0
    version: 1.2.0(@bufbuild/protobuf@1.6.0)

devDependencies:
  typescript:
    specifier: ^5.3.3
    version: 5.3.3

packages:

  /@bufbuild/protobuf@1.6.0:
    resolution: {integrity: sha512-hp19vSFgNw3wBBcVBx5qo5pufCqjaJ0Cfk5H/pfjNOfNWU+4/w0QVOmfAOZNRrNWRrVuaJWxcN8P2vhOkkzbBQ==}
    dev: false

  /@connectrpc/connect@1.2.0(@bufbuild/protobuf@1.6.0):
    resolution: {integrity: sha512-kHF30xAlXF2Y7S1I7XN/D3psKLfjxitgNRmF093KNP+cE9yAnqDAGop6aby3Z5k4XQw2ebjeX4E41db7R3FzaQ==}
    peerDependencies:
      '@bufbuild/protobuf': ^1.4.2
    dependencies:
      '@bufbuild/protobuf': 1.6.0
    dev: false

  /typescript@5.3.3:
    resolution: {integrity: sha512-pXWcraxM0uxAS+tN0AG/BF2TyqmHO014Z070UsJ+pFvYuRSq8KH8DmWpnbXe0pEPDHXZV3FcAbJkijJ5oNEnWw==}
    engines: {node: '>=14.17'}
    hasBin: true
    dev: true
